
Microsoft Visual Studio Solution File, Format Version 12.00
# Visual Studio Version 17
VisualStudioVersion = 17.6.33815.320
MinimumVisualStudioVersion = 10.0.40219.1
Project("{FAE04EC0-301F-11D3-BF4B-00C04F79EFBC}") = "arrays", "arrays.csproj", "{096BA3E7-1378-45DB-9A2E-21D730D891E3}"
EndProject
Global
	GlobalSection(SolutionConfigurationPlatforms) = preSolution
		Debug|Any CPU = Debug|Any CPU
		Release|Any CPU = Release|Any CPU
	EndGlobalSection
	GlobalSection(ProjectConfigurationPlatforms) = postSolution
		{096BA3E7-1378-45DB-9A2E-21D730D891E3}.Debug|Any CPU.ActiveCfg = Debug|Any CPU
		{096BA3E7-1378-45DB-9A2E-21D730D891E3}.Debug|Any CPU.Build.0 = Debug|Any CPU
		{096BA3E7-1378-45DB-9A2E-21D730D891E3}.Release|Any CPU.ActiveCfg = Release|Any CPU
		{096BA3E7-1378-45DB-9A2E-21D730D891E3}.Release|Any CPU.Build.0 = Release|Any CPU
	EndGlobalSection
	GlobalSection(SolutionProperties) = preSolution
		HideSolutionNode = FALSE
	EndGlobalSection
	GlobalSection(ExtensibilityGlobals) = postSolution
		SolutionGuid = {9EE2555B-B801-43F8-83BD-15443F3D5AF7}
	EndGlobalSection
EndGlobal
