
Microsoft Visual Studio Solution File, Format Version 12.00
# Visual Studio Version 17
VisualStudioVersion = 17.7.34024.191
MinimumVisualStudioVersion = 10.0.40219.1
Project("{FAE04EC0-301F-11D3-BF4B-00C04F79EFBC}") = "AluguelDeCarro", "AluguelDeCarro\AluguelDeCarro.csproj", "{B228E434-3D70-420C-8460-A16BAD81D6EB}"
EndProject
Global
	GlobalSection(SolutionConfigurationPlatforms) = preSolution
		Debug|Any CPU = Debug|Any CPU
		Release|Any CPU = Release|Any CPU
	EndGlobalSection
	GlobalSection(ProjectConfigurationPlatforms) = postSolution
		{B228E434-3D70-420C-8460-A16BAD81D6EB}.Debug|Any CPU.ActiveCfg = Debug|Any CPU
		{B228E434-3D70-420C-8460-A16BAD81D6EB}.Debug|Any CPU.Build.0 = Debug|Any CPU
		{B228E434-3D70-420C-8460-A16BAD81D6EB}.Release|Any CPU.ActiveCfg = Release|Any CPU
		{B228E434-3D70-420C-8460-A16BAD81D6EB}.Release|Any CPU.Build.0 = Release|Any CPU
	EndGlobalSection
	GlobalSection(SolutionProperties) = preSolution
		HideSolutionNode = FALSE
	EndGlobalSection
	GlobalSection(ExtensibilityGlobals) = postSolution
		SolutionGuid = {8B830051-45CC-495F-AA8B-D85C46238AFC}
	EndGlobalSection
EndGlobal
