
Microsoft Visual Studio Solution File, Format Version 12.00
# Visual Studio Version 17
VisualStudioVersion = 17.6.33815.320
MinimumVisualStudioVersion = 10.0.40219.1
Project("{FAE04EC0-301F-11D3-BF4B-00C04F79EFBC}") = "Tipos-de-Variáveis", "Tipos-de-Variáveis.csproj", "{0162647A-7BD1-4AAA-973B-08C46B81995F}"
EndProject
Global
	GlobalSection(SolutionConfigurationPlatforms) = preSolution
		Debug|Any CPU = Debug|Any CPU
		Release|Any CPU = Release|Any CPU
	EndGlobalSection
	GlobalSection(ProjectConfigurationPlatforms) = postSolution
		{0162647A-7BD1-4AAA-973B-08C46B81995F}.Debug|Any CPU.ActiveCfg = Debug|Any CPU
		{0162647A-7BD1-4AAA-973B-08C46B81995F}.Debug|Any CPU.Build.0 = Debug|Any CPU
		{0162647A-7BD1-4AAA-973B-08C46B81995F}.Release|Any CPU.ActiveCfg = Release|Any CPU
		{0162647A-7BD1-4AAA-973B-08C46B81995F}.Release|Any CPU.Build.0 = Release|Any CPU
	EndGlobalSection
	GlobalSection(SolutionProperties) = preSolution
		HideSolutionNode = FALSE
	EndGlobalSection
	GlobalSection(ExtensibilityGlobals) = postSolution
		SolutionGuid = {895191C2-00E8-4543-927F-342C7B675E6B}
	EndGlobalSection
EndGlobal
