
Microsoft Visual Studio Solution File, Format Version 12.00
# Visual Studio Version 17
VisualStudioVersion = 17.6.33829.357
MinimumVisualStudioVersion = 10.0.40219.1
Project("{FAE04EC0-301F-11D3-BF4B-00C04F79EFBC}") = "FOREACH's", "FOREACH's\FOREACH's.csproj", "{266E7CEF-7372-48F6-B41C-272D30FD1ABF}"
EndProject
Global
	GlobalSection(SolutionConfigurationPlatforms) = preSolution
		Debug|Any CPU = Debug|Any CPU
		Release|Any CPU = Release|Any CPU
	EndGlobalSection
	GlobalSection(ProjectConfigurationPlatforms) = postSolution
		{266E7CEF-7372-48F6-B41C-272D30FD1ABF}.Debug|Any CPU.ActiveCfg = Debug|Any CPU
		{266E7CEF-7372-48F6-B41C-272D30FD1ABF}.Debug|Any CPU.Build.0 = Debug|Any CPU
		{266E7CEF-7372-48F6-B41C-272D30FD1ABF}.Release|Any CPU.ActiveCfg = Release|Any CPU
		{266E7CEF-7372-48F6-B41C-272D30FD1ABF}.Release|Any CPU.Build.0 = Release|Any CPU
	EndGlobalSection
	GlobalSection(SolutionProperties) = preSolution
		HideSolutionNode = FALSE
	EndGlobalSection
	GlobalSection(ExtensibilityGlobals) = postSolution
		SolutionGuid = {7AB12F03-F5C7-4F8D-8CFE-247B946F0DB6}
	EndGlobalSection
EndGlobal
