
Microsoft Visual Studio Solution File, Format Version 12.00
# Visual Studio Version 17
VisualStudioVersion = 17.6.33829.357
MinimumVisualStudioVersion = 10.0.40219.1
Project("{FAE04EC0-301F-11D3-BF4B-00C04F79EFBC}") = "FOR's", "FOR's\FOR's.csproj", "{1B1129E9-FDA1-47FC-BC91-06D0EBD57878}"
EndProject
Global
	GlobalSection(SolutionConfigurationPlatforms) = preSolution
		Debug|Any CPU = Debug|Any CPU
		Release|Any CPU = Release|Any CPU
	EndGlobalSection
	GlobalSection(ProjectConfigurationPlatforms) = postSolution
		{1B1129E9-FDA1-47FC-BC91-06D0EBD57878}.Debug|Any CPU.ActiveCfg = Debug|Any CPU
		{1B1129E9-FDA1-47FC-BC91-06D0EBD57878}.Debug|Any CPU.Build.0 = Debug|Any CPU
		{1B1129E9-FDA1-47FC-BC91-06D0EBD57878}.Release|Any CPU.ActiveCfg = Release|Any CPU
		{1B1129E9-FDA1-47FC-BC91-06D0EBD57878}.Release|Any CPU.Build.0 = Release|Any CPU
	EndGlobalSection
	GlobalSection(SolutionProperties) = preSolution
		HideSolutionNode = FALSE
	EndGlobalSection
	GlobalSection(ExtensibilityGlobals) = postSolution
		SolutionGuid = {DB4F217F-CE54-4D33-A4BB-ABEF3F5DE1BD}
	EndGlobalSection
EndGlobal
