
Microsoft Visual Studio Solution File, Format Version 12.00
# Visual Studio Version 17
VisualStudioVersion = 17.6.33829.357
MinimumVisualStudioVersion = 10.0.40219.1
Project("{FAE04EC0-301F-11D3-BF4B-00C04F79EFBC}") = "Fibonacci", "Fibonacci\Fibonacci.csproj", "{E64856E3-D21E-4FF2-BD19-D543E867BBAA}"
EndProject
Global
	GlobalSection(SolutionConfigurationPlatforms) = preSolution
		Debug|Any CPU = Debug|Any CPU
		Release|Any CPU = Release|Any CPU
	EndGlobalSection
	GlobalSection(ProjectConfigurationPlatforms) = postSolution
		{E64856E3-D21E-4FF2-BD19-D543E867BBAA}.Debug|Any CPU.ActiveCfg = Debug|Any CPU
		{E64856E3-D21E-4FF2-BD19-D543E867BBAA}.Debug|Any CPU.Build.0 = Debug|Any CPU
		{E64856E3-D21E-4FF2-BD19-D543E867BBAA}.Release|Any CPU.ActiveCfg = Release|Any CPU
		{E64856E3-D21E-4FF2-BD19-D543E867BBAA}.Release|Any CPU.Build.0 = Release|Any CPU
	EndGlobalSection
	GlobalSection(SolutionProperties) = preSolution
		HideSolutionNode = FALSE
	EndGlobalSection
	GlobalSection(ExtensibilityGlobals) = postSolution
		SolutionGuid = {41200746-0F31-41BA-B790-26BC6AD981D9}
	EndGlobalSection
EndGlobal
