
Microsoft Visual Studio Solution File, Format Version 12.00
# Visual Studio Version 17
VisualStudioVersion = 17.6.33829.357
MinimumVisualStudioVersion = 10.0.40219.1
Project("{FAE04EC0-301F-11D3-BF4B-00C04F79EFBC}") = "Sucessor_E_Antecesso", "Sucessor_E_Antecesso\Sucessor_E_Antecesso.csproj", "{2415A09E-6BA0-4A7A-BECF-A423A6EBB5F7}"
EndProject
Global
	GlobalSection(SolutionConfigurationPlatforms) = preSolution
		Debug|Any CPU = Debug|Any CPU
		Release|Any CPU = Release|Any CPU
	EndGlobalSection
	GlobalSection(ProjectConfigurationPlatforms) = postSolution
		{2415A09E-6BA0-4A7A-BECF-A423A6EBB5F7}.Debug|Any CPU.ActiveCfg = Debug|Any CPU
		{2415A09E-6BA0-4A7A-BECF-A423A6EBB5F7}.Debug|Any CPU.Build.0 = Debug|Any CPU
		{2415A09E-6BA0-4A7A-BECF-A423A6EBB5F7}.Release|Any CPU.ActiveCfg = Release|Any CPU
		{2415A09E-6BA0-4A7A-BECF-A423A6EBB5F7}.Release|Any CPU.Build.0 = Release|Any CPU
	EndGlobalSection
	GlobalSection(SolutionProperties) = preSolution
		HideSolutionNode = FALSE
	EndGlobalSection
	GlobalSection(ExtensibilityGlobals) = postSolution
		SolutionGuid = {EA3360ED-7699-40A7-9B20-24E2C0973B04}
	EndGlobalSection
EndGlobal
