
Microsoft Visual Studio Solution File, Format Version 12.00
# Visual Studio Version 17
VisualStudioVersion = 17.7.34024.191
MinimumVisualStudioVersion = 10.0.40219.1
Project("{FAE04EC0-301F-11D3-BF4B-00C04F79EFBC}") = "MediaGeralPOO", "MediaGeralPOO\MediaGeralPOO.csproj", "{5696F8FA-32D0-4261-AA9A-577456B1D601}"
EndProject
Global
	GlobalSection(SolutionConfigurationPlatforms) = preSolution
		Debug|Any CPU = Debug|Any CPU
		Release|Any CPU = Release|Any CPU
	EndGlobalSection
	GlobalSection(ProjectConfigurationPlatforms) = postSolution
		{5696F8FA-32D0-4261-AA9A-577456B1D601}.Debug|Any CPU.ActiveCfg = Debug|Any CPU
		{5696F8FA-32D0-4261-AA9A-577456B1D601}.Debug|Any CPU.Build.0 = Debug|Any CPU
		{5696F8FA-32D0-4261-AA9A-577456B1D601}.Release|Any CPU.ActiveCfg = Release|Any CPU
		{5696F8FA-32D0-4261-AA9A-577456B1D601}.Release|Any CPU.Build.0 = Release|Any CPU
	EndGlobalSection
	GlobalSection(SolutionProperties) = preSolution
		HideSolutionNode = FALSE
	EndGlobalSection
	GlobalSection(ExtensibilityGlobals) = postSolution
		SolutionGuid = {55D25BBE-7D99-44DD-B348-C775D5D1FA64}
	EndGlobalSection
EndGlobal
