
Microsoft Visual Studio Solution File, Format Version 12.00
# Visual Studio Version 17
VisualStudioVersion = 17.7.34024.191
MinimumVisualStudioVersion = 10.0.40219.1
Project("{FAE04EC0-301F-11D3-BF4B-00C04F79EFBC}") = "TestandoForms", "TestandoForms\TestandoForms.csproj", "{C77E48E1-7613-405A-967F-C80E1FC27193}"
EndProject
Global
	GlobalSection(SolutionConfigurationPlatforms) = preSolution
		Debug|Any CPU = Debug|Any CPU
		Release|Any CPU = Release|Any CPU
	EndGlobalSection
	GlobalSection(ProjectConfigurationPlatforms) = postSolution
		{C77E48E1-7613-405A-967F-C80E1FC27193}.Debug|Any CPU.ActiveCfg = Debug|Any CPU
		{C77E48E1-7613-405A-967F-C80E1FC27193}.Debug|Any CPU.Build.0 = Debug|Any CPU
		{C77E48E1-7613-405A-967F-C80E1FC27193}.Release|Any CPU.ActiveCfg = Release|Any CPU
		{C77E48E1-7613-405A-967F-C80E1FC27193}.Release|Any CPU.Build.0 = Release|Any CPU
	EndGlobalSection
	GlobalSection(SolutionProperties) = preSolution
		HideSolutionNode = FALSE
	EndGlobalSection
	GlobalSection(ExtensibilityGlobals) = postSolution
		SolutionGuid = {022B2544-9503-4FE8-B87A-369952A1FD0C}
	EndGlobalSection
EndGlobal
