
Microsoft Visual Studio Solution File, Format Version 12.00
# Visual Studio Version 17
VisualStudioVersion = 17.6.33829.357
MinimumVisualStudioVersion = 10.0.40219.1
Project("{FAE04EC0-301F-11D3-BF4B-00C04F79EFBC}") = "whiles", "whiles\whiles.csproj", "{D6EA0C96-F328-4BC1-AF7A-012D90790BEB}"
EndProject
Global
	GlobalSection(SolutionConfigurationPlatforms) = preSolution
		Debug|Any CPU = Debug|Any CPU
		Release|Any CPU = Release|Any CPU
	EndGlobalSection
	GlobalSection(ProjectConfigurationPlatforms) = postSolution
		{D6EA0C96-F328-4BC1-AF7A-012D90790BEB}.Debug|Any CPU.ActiveCfg = Debug|Any CPU
		{D6EA0C96-F328-4BC1-AF7A-012D90790BEB}.Debug|Any CPU.Build.0 = Debug|Any CPU
		{D6EA0C96-F328-4BC1-AF7A-012D90790BEB}.Release|Any CPU.ActiveCfg = Release|Any CPU
		{D6EA0C96-F328-4BC1-AF7A-012D90790BEB}.Release|Any CPU.Build.0 = Release|Any CPU
	EndGlobalSection
	GlobalSection(SolutionProperties) = preSolution
		HideSolutionNode = FALSE
	EndGlobalSection
	GlobalSection(ExtensibilityGlobals) = postSolution
		SolutionGuid = {C0E4F49C-D9F9-4399-8525-248D96AC6A83}
	EndGlobalSection
EndGlobal
