
Microsoft Visual Studio Solution File, Format Version 12.00
# Visual Studio Version 17
VisualStudioVersion = 17.5.002.0
MinimumVisualStudioVersion = 10.0.40219.1
Project("{9A19103F-16F7-4668-BE54-9A1E7A4F7556}") = "DESAFIO", "DESAFIO.csproj", "{D0FAFECA-DF8F-40F7-9F0A-A646ADA04673}"
EndProject
Global
	GlobalSection(SolutionConfigurationPlatforms) = preSolution
		Debug|Any CPU = Debug|Any CPU
		Release|Any CPU = Release|Any CPU
	EndGlobalSection
	GlobalSection(ProjectConfigurationPlatforms) = postSolution
		{D0FAFECA-DF8F-40F7-9F0A-A646ADA04673}.Debug|Any CPU.ActiveCfg = Debug|Any CPU
		{D0FAFECA-DF8F-40F7-9F0A-A646ADA04673}.Debug|Any CPU.Build.0 = Debug|Any CPU
		{D0FAFECA-DF8F-40F7-9F0A-A646ADA04673}.Release|Any CPU.ActiveCfg = Release|Any CPU
		{D0FAFECA-DF8F-40F7-9F0A-A646ADA04673}.Release|Any CPU.Build.0 = Release|Any CPU
	EndGlobalSection
	GlobalSection(SolutionProperties) = preSolution
		HideSolutionNode = FALSE
	EndGlobalSection
	GlobalSection(ExtensibilityGlobals) = postSolution
		SolutionGuid = {A4BB72F2-BBE4-44E5-AB00-5B7F0D10A334}
	EndGlobalSection
EndGlobal
