
Microsoft Visual Studio Solution File, Format Version 12.00
# Visual Studio Version 17
VisualStudioVersion = 17.6.33829.357
MinimumVisualStudioVersion = 10.0.40219.1
Project("{FAE04EC0-301F-11D3-BF4B-00C04F79EFBC}") = "Loopings", "Loopings.csproj", "{181E54D6-0029-4118-B55A-D1F1DC31C349}"
EndProject
Global
	GlobalSection(SolutionConfigurationPlatforms) = preSolution
		Debug|Any CPU = Debug|Any CPU
		Release|Any CPU = Release|Any CPU
	EndGlobalSection
	GlobalSection(ProjectConfigurationPlatforms) = postSolution
		{181E54D6-0029-4118-B55A-D1F1DC31C349}.Debug|Any CPU.ActiveCfg = Debug|Any CPU
		{181E54D6-0029-4118-B55A-D1F1DC31C349}.Debug|Any CPU.Build.0 = Debug|Any CPU
		{181E54D6-0029-4118-B55A-D1F1DC31C349}.Release|Any CPU.ActiveCfg = Release|Any CPU
		{181E54D6-0029-4118-B55A-D1F1DC31C349}.Release|Any CPU.Build.0 = Release|Any CPU
	EndGlobalSection
	GlobalSection(SolutionProperties) = preSolution
		HideSolutionNode = FALSE
	EndGlobalSection
	GlobalSection(ExtensibilityGlobals) = postSolution
		SolutionGuid = {9713CFF8-CD26-4049-A43A-1AA3F9BF341C}
	EndGlobalSection
EndGlobal
