
Microsoft Visual Studio Solution File, Format Version 12.00
# Visual Studio Version 17
VisualStudioVersion = 17.6.33829.357
MinimumVisualStudioVersion = 10.0.40219.1
Project("{FAE04EC0-301F-11D3-BF4B-00C04F79EFBC}") = "DobroTriploRaiz", "DobroTriploRaiz\DobroTriploRaiz.csproj", "{6A1A0753-9F12-4771-94AC-9CA0A218336C}"
EndProject
Global
	GlobalSection(SolutionConfigurationPlatforms) = preSolution
		Debug|Any CPU = Debug|Any CPU
		Release|Any CPU = Release|Any CPU
	EndGlobalSection
	GlobalSection(ProjectConfigurationPlatforms) = postSolution
		{6A1A0753-9F12-4771-94AC-9CA0A218336C}.Debug|Any CPU.ActiveCfg = Debug|Any CPU
		{6A1A0753-9F12-4771-94AC-9CA0A218336C}.Debug|Any CPU.Build.0 = Debug|Any CPU
		{6A1A0753-9F12-4771-94AC-9CA0A218336C}.Release|Any CPU.ActiveCfg = Release|Any CPU
		{6A1A0753-9F12-4771-94AC-9CA0A218336C}.Release|Any CPU.Build.0 = Release|Any CPU
	EndGlobalSection
	GlobalSection(SolutionProperties) = preSolution
		HideSolutionNode = FALSE
	EndGlobalSection
	GlobalSection(ExtensibilityGlobals) = postSolution
		SolutionGuid = {32FDEB52-2823-4ABB-A05C-EA5200DE670A}
	EndGlobalSection
EndGlobal
