
Microsoft Visual Studio Solution File, Format Version 12.00
# Visual Studio Version 17
VisualStudioVersion = 17.7.34024.191
MinimumVisualStudioVersion = 10.0.40219.1
Project("{FAE04EC0-301F-11D3-BF4B-00C04F79EFBC}") = "Explorando", "Explorando\Explorando.csproj", "{2FC1EE51-039A-4FEA-B80D-9DDCB8530178}"
EndProject
Global
	GlobalSection(SolutionConfigurationPlatforms) = preSolution
		Debug|Any CPU = Debug|Any CPU
		Release|Any CPU = Release|Any CPU
	EndGlobalSection
	GlobalSection(ProjectConfigurationPlatforms) = postSolution
		{2FC1EE51-039A-4FEA-B80D-9DDCB8530178}.Debug|Any CPU.ActiveCfg = Debug|Any CPU
		{2FC1EE51-039A-4FEA-B80D-9DDCB8530178}.Debug|Any CPU.Build.0 = Debug|Any CPU
		{2FC1EE51-039A-4FEA-B80D-9DDCB8530178}.Release|Any CPU.ActiveCfg = Release|Any CPU
		{2FC1EE51-039A-4FEA-B80D-9DDCB8530178}.Release|Any CPU.Build.0 = Release|Any CPU
	EndGlobalSection
	GlobalSection(SolutionProperties) = preSolution
		HideSolutionNode = FALSE
	EndGlobalSection
	GlobalSection(ExtensibilityGlobals) = postSolution
		SolutionGuid = {F40551F9-8A99-486C-B8C4-307991A2AEA9}
	EndGlobalSection
EndGlobal
